
Microsoft Visual Studio Solution File, Format Version 12.00
# Visual Studio Version 16
VisualStudioVersion = 16.0.29509.3
MinimumVisualStudioVersion = 10.0.40219.1
Project("{FAE04EC0-301F-11D3-BF4B-00C04F79EFBC}") = "ClassLibrary1", "ClassLibrary1\ClassLibrary1.csproj", "{D191DD8C-A04E-4432-A735-A62933217309}"
EndProject
Global
	GlobalSection(SolutionConfigurationPlatforms) = preSolution
		Debug|Any CPU = Debug|Any CPU
		Release|Any CPU = Release|Any CPU
	EndGlobalSection
	GlobalSection(ProjectConfigurationPlatforms) = postSolution
		{D191DD8C-A04E-4432-A735-A62933217309}.Debug|Any CPU.ActiveCfg = Debug|Any CPU
		{D191DD8C-A04E-4432-A735-A62933217309}.Debug|Any CPU.Build.0 = Debug|Any CPU
		{D191DD8C-A04E-4432-A735-A62933217309}.Release|Any CPU.ActiveCfg = Release|Any CPU
		{D191DD8C-A04E-4432-A735-A62933217309}.Release|Any CPU.Build.0 = Release|Any CPU
	EndGlobalSection
	GlobalSection(SolutionProperties) = preSolution
		HideSolutionNode = FALSE
	EndGlobalSection
	GlobalSection(ExtensibilityGlobals) = postSolution
		SolutionGuid = {78AB3979-B15D-47F4-927A-DB949E607338}
	EndGlobalSection
EndGlobal
